github.com/davecgh/go-spew v1.1.0/go.mod h1:J7Y8YcW2NihsgmVo/mv3lAwl/skON4iLHjSsI+c5H38=
github.com/davecgh/go-spew v1.1.1 h1:vj9j/u1bqnvCEfJOwUhtlOARqs3+rkHYY13jYWTU97c=
github.com/davecgh/go-spew v1.1.1/go.mod h1:J7Y8YcW2NihsgmVo/mv3lAwl/skON4iLHjSsI+c5H38=
github.com/golang/crypto v0.0.0-20190418165655-df01cb2cc480 h1:nT2Q69o++qi4aL/3w3NWpemH6bNINqfJWym3+HKtE9w=
github.com/golang/crypto v0.0.0-20190418165655-df01cb2cc480/go.mod h1:WFFai1msRO1wXaEeE5yQxYXgSfI8pQAWXbQop6sCtWE=
github.com/golang/net v0.0.0-20190420063019-afa5a82059c6/go.mod h1:t9HGtf8HONx5eT2rtn7q6eTqICYqUVnKs3thJo3Qplg=
github.com/golang/sys v0.0.0-20190419153524-e8e3143a4f4a h1:5bYuhgnDII4NSAAw1wRU+pCovYhB/AqYVmsK2JDnK2k=
github.com/golang/sys v0.0.0-20190419153524-e8e3143a4f4a/go.mod h1:h1NjWce9XRLGQEsW7wpKNCjG9DtNlClVuFLEZdDNbEs=
github.com/golang/text v0.3.1-0.20190410012825-f4905fbd45b6/go.mod h1:bEr9sfX3Q8Zfm5fL9x+3itogRgK3+ptLWKqgva+5dAk=
github.com/golang/tools v0.0.0-20190420181800-aa740d480789 h1:Hy7qvbkxWJIZIprJ2rgaRVarxDIv9yfIDGXLocU3irs=
github.com/golang/tools v0.0.0-20190420181800-aa740d480789/go.mod h1:LCzVGOaR6xXOjkQ3onu1FJEFr0SW1gC7cKk1uF8kGRs=
github.com/gopherjs/gopherjs v1.17.2 h1:fQnZVsXk8uxXIStYb0N4bGk7jeyTalG/wsZjQ25dO0g=
github.com/gopherjs/gopherjs v1.17.2/go.mod h1:pRRIvn/QzFLrKfvEz3qUuEhtE/zLCWfreZ6J5gM2i+k=
github.com/pmezard/go-difflib v1.0.0 h1:4DBwDE0NGyQoBHbLQYPwSUPoCMWR5BEzIk/f1lZbAQM=
github.com/pmezard/go-difflib v1.0.0/go.mod h1:iKH77koFhYxTK1pcRnkKkqfTogsbg7gZNVY4sRDYZ/4=
github.com/sirupsen/logrus v1.9.3 h1:dueUQJ1C2q9oE3F7wvmSGAaVtTmUizReu6fjN8uqzbQ=
github.com/sirupsen/logrus v1.9.3/go.mod h1:naHLuLoDiP4jHNo9R0sCBMtWGeIprob74mVsIT4qYEQ=
github.com/stretchr/objx v0.1.0/go.mod h1:HFkY916IF+rwdDfMAkV7OtwuqBVzrE8GR6GFx+wExME=
github.com/stretchr/testify v1.7.0 h1:nwc3DEeHmmLAfoZucVR881uASk0Mfjw8xYJ99tb5CcY=
github.com/stretchr/testify v1.7.0/go.mod h1:6Fq8oRcR53rry900zMqJjRRixrwX3KX962/h/Wwjteg=
github.com/therecipe/env_darwin_amd64_513 v0.0.0-20190626001412-d8e92e8db4d0 h1:Txh3Vvzx49BQg6OwSuYqOGNndpCWPYScIpEgK5BcGpc=
github.com/therecipe/env_darwin_amd64_513 v0.0.0-20190626001412-d8e92e8db4d0/go.mod h1:mdZdqBBs62KM68t1wD7rjG2NumvwuSNLqmMetEAqI14=
github.com/therecipe/env_linux_amd64_513 v0.0.0-20190626000307-e137a3934da6 h1:i0/LROzMqqMuHJ9gPeH2+So1Icle7zSVRqzXR4Z75hw=
github.com/therecipe/env_linux_amd64_513 v0.0.0-20190626000307-e137a3934da6/go.mod h1:Cq/lZrZTuGhRckzJgZFONK4WCE67AssWhHYj82U5FFI=
github.com/therecipe/env_windows_amd64_513 v0.0.0-20190626000028-79ec8bd06fb2 h1:dpqvgFCZRuxwiJhWVwQZSJ8zDaORf+GiUGxxOGzlQtc=
github.com/therecipe/env_windows_amd64_513 v0.0.0-20190626000028-79ec8bd06fb2/go.mod h1:evzb6PHK/MrRdJyhL1kbQXTfbMu4t4JOLl6iz55ywvk=
github.com/therecipe/env_windows_amd64_513/Tools v0.0.0-20190626000028-79ec8bd06fb2 h1:hM5KSUn4YbSvPuXAWJyywohkDocI+hSEsL+Msc9/FDA=
github.com/therecipe/env_windows_amd64_513/Tools v0.0.0-20190626000028-79ec8bd06fb2/go.mod h1:75GdIZ2clS7WUwhRklktkP02ffFz7+tBx8/Ue8eFexU=
github.com/therecipe/qt/internal/binding/files/docs/5.12.0 v0.0.0-20200904063919-c0c124a5770d h1:hAZyEG2swPRWjF0kqqdGERXUazYnRJdAk4a58f14z7Y=
github.com/therecipe/qt/internal/binding/files/docs/5.12.0 v0.0.0-20200904063919-c0c124a5770d/go.mod h1:7m8PDYDEtEVqfjoUQc2UrFqhG0CDmoVJjRlQxexndFc=
github.com/therecipe/qt/internal/binding/files/docs/5.13.0 v0.0.0-20200904063919-c0c124a5770d h1:AJRoBel/g9cDS+yE8BcN3E+TDD/xNAguG21aoR8DAIE=
github.com/therecipe/qt/internal/binding/files/docs/5.13.0 v0.0.0-20200904063919-c0c124a5770d/go.mod h1:mH55Ek7AZcdns5KPp99O0bg+78el64YCYWHiQKrOdt4=
gopkg.in/check.v1 v0.0.0-20161208181325-20d25e280405 h1:yhCVgyC4o1eVCa2tZl7eS0r+SDo693bJlVdllGtEeKM=
gopkg.in/check.v1 v0.0.0-20161208181325-20d25e280405/go.mod h1:Co6ibVJAznAaIkqp8huTwlJQCZ016jof/cbN4VW5Yz0=
gopkg.in/yaml.v3 v3.0.0-20200313102051-9f266ea9e77c h1:dUUwHk2QECo/6vqA44rthZ8ie2QXMNeKRTHCNY2nXvo=
gopkg.in/yaml.v3 v3.0.0-20200313102051-9f266ea9e77c/go.mod h1:K4uyk7z7BCEPqu6E+C64Yfv1cQ7kz7rIZviUmN+EgEM=
